
Microsoft Visual Studio Solution File, Format Version 12.00
# Visual Studio Version 17
VisualStudioVersion = 17.14.36623.8
MinimumVisualStudioVersion = 10.0.40219.1
Project("{2150E333-8FDC-42A3-9474-1A3956D46DE8}") = "Task0", "Task0", "{02EA681E-C7D8-13C7-8484-4AC65E1B71E8}"
EndProject
Project("{2150E333-8FDC-42A3-9474-1A3956D46DE8}") = "Task1", "Task1", "{144555F8-EB95-4306-9148-6A14103B53B2}"
EndProject
Project("{2150E333-8FDC-42A3-9474-1A3956D46DE8}") = "Task2", "Task2", "{5BEFDB62-3292-4143-8DD3-CD4534E88B5E}"
EndProject
Project("{2150E333-8FDC-42A3-9474-1A3956D46DE8}") = "Task3", "Task3", "{AA286D09-4A0E-4F42-AD8A-3CC34BC71798}"
EndProject
Project("{FAE04EC0-301F-11D3-BF4B-00C04F79EFBC}") = "Tyuiu.Programmiste.Sprint4.Task0.V19.Test", "Tyuiu.Programmiste.Sprint4.Task0.V19.Test\Tyuiu.Programmiste.Sprint4.Task0.V19.Test.csproj", "{C5E3AE44-40D4-47CF-93F5-3DE5B37E1912}"
EndProject
Project("{FAE04EC0-301F-11D3-BF4B-00C04F79EFBC}") = "Tyuiu.Programmiste.Sprint4.Task0.V19.Lib", "Tyuiu.Programmiste.Sprint4.Task0.V19.Lib\Tyuiu.Programmiste.Sprint4.Task0.V19.Lib.csproj", "{978467BC-E67A-48A6-AFA9-5A470C0F0DB0}"
EndProject
Project("{FAE04EC0-301F-11D3-BF4B-00C04F79EFBC}") = "Tyuiu.Programmiste.Sprint4.Task0.V19", "Tyuiu.Programmiste.Sprint4.Task0.V19\Tyuiu.Programmiste.Sprint4.Task0.V19.csproj", "{3BB53E82-ACED-42E9-9510-5303F52F1EEF}"
EndProject
Project("{FAE04EC0-301F-11D3-BF4B-00C04F79EFBC}") = "Tyuiu.Programmiste.Sprint4.Task1.V7", "Tyuiu.Programmiste.Sprint4.Task1.V7\Tyuiu.Programmiste.Sprint4.Task1.V7.csproj", "{98C8FD6B-B411-4CF4-8E1E-42F670C3FDEC}"
EndProject
Project("{FAE04EC0-301F-11D3-BF4B-00C04F79EFBC}") = "Tyuiu.Programmiste.Sprint4.Task1.V7.Lib", "Tyuiu.Programmiste.Sprint4.Task1.V7.Lib\Tyuiu.Programmiste.Sprint4.Task1.V7.Lib.csproj", "{EEEC68F2-66D6-4954-9371-26FE98B92C9A}"
EndProject
Project("{FAE04EC0-301F-11D3-BF4B-00C04F79EFBC}") = "Tyuiu.Programmiste.Sprint4.Task1.V7.Test", "Tyuiu.Programmiste.Sprint4.Task1.V7.Test\Tyuiu.Programmiste.Sprint4.Task1.V7.Test.csproj", "{26C0CAC9-BC4B-4BFC-AA03-093325C60C69}"
EndProject
Project("{FAE04EC0-301F-11D3-BF4B-00C04F79EFBC}") = "Tyuiu.Programmiste.Sprint4.Task2.V2.Test", "Tyuiu.Programmiste.Sprint4.Task2.V2.Test\Tyuiu.Programmiste.Sprint4.Task2.V2.Test.csproj", "{759FCD11-474E-452E-BE12-C3CB6E2B7376}"
EndProject
Project("{FAE04EC0-301F-11D3-BF4B-00C04F79EFBC}") = "Tyuiu.Programmiste.Sprint4.Task2.V2.Lib", "Tyuiu.Programmiste.Sprint4.Task2.V2.Lib\Tyuiu.Programmiste.Sprint4.Task2.V2.Lib.csproj", "{3FEE7418-79D4-4E2D-82B5-A867EB051B36}"
EndProject
Project("{FAE04EC0-301F-11D3-BF4B-00C04F79EFBC}") = "Tyuiu.Programmiste.Sprint4.Task2.V2", "Tyuiu.Programmiste.Sprint4.Task2.V2\Tyuiu.Programmiste.Sprint4.Task2.V2.csproj", "{78BA8F7D-2B98-445B-8B89-4D227D219724}"
EndProject
Project("{FAE04EC0-301F-11D3-BF4B-00C04F79EFBC}") = "Tyuiu.Programmiste.Sprint4.Task3.V25", "Tyuiu.Programmiste.Sprint4.Task3.V25\Tyuiu.Programmiste.Sprint4.Task3.V25.csproj", "{FB34A72B-F6C2-4293-B787-F6992AD45BA2}"
EndProject
Project("{FAE04EC0-301F-11D3-BF4B-00C04F79EFBC}") = "Tyuiu.Programmiste.Sprint4.Task3.V25.Lib", "Tyuiu.Programmiste.Sprint4.Task3.V25.Lib\Tyuiu.Programmiste.Sprint4.Task3.V25.Lib.csproj", "{60BFD850-C160-4DFF-934A-A8D2BB3513E2}"
EndProject
Project("{FAE04EC0-301F-11D3-BF4B-00C04F79EFBC}") = "Tyuiu.Programmiste.Sprint4.Task3.V25.Test", "Tyuiu.Programmiste.Sprint4.Task3.V25.Test\Tyuiu.Programmiste.Sprint4.Task3.V25.Test.csproj", "{0CC17867-2A65-42C6-8BB5-31DE4C265FDC}"
EndProject
Project("{2150E333-8FDC-42A3-9474-1A3956D46DE8}") = "Task4", "Task4", "{F04BCA31-8D24-43A3-A587-63CF28A56146}"
EndProject
Project("{2150E333-8FDC-42A3-9474-1A3956D46DE8}") = "Task5", "Task5", "{C04B2604-2277-4ECA-81B0-7E85FE379290}"
EndProject
Project("{2150E333-8FDC-42A3-9474-1A3956D46DE8}") = "Task6", "Task6", "{C02E2D17-B37F-4CD0-97AC-E7EDFA342074}"
EndProject
Project("{2150E333-8FDC-42A3-9474-1A3956D46DE8}") = "Task7", "Task7", "{FB22B34B-0536-42FB-8C02-61AE71FB670B}"
EndProject
Project("{FAE04EC0-301F-11D3-BF4B-00C04F79EFBC}") = "Tyuiu.Programmiste.Sprint4.Task4.V29.Test", "Tyuiu.Programmiste.Sprint4.Task4.V29.Test\Tyuiu.Programmiste.Sprint4.Task4.V29.Test.csproj", "{0B1FF32D-B6A7-4EF6-9B9B-92F1D6155A64}"
EndProject
Project("{FAE04EC0-301F-11D3-BF4B-00C04F79EFBC}") = "Tyuiu.Programmiste.Sprint4.Task4.V29.Lib", "Tyuiu.Programmiste.Sprint4.Task4.V29.Lib\Tyuiu.Programmiste.Sprint4.Task4.V29.Lib.csproj", "{AB5F9FC6-98D6-40A7-B60F-A256A75D0CBB}"
EndProject
Project("{FAE04EC0-301F-11D3-BF4B-00C04F79EFBC}") = "Tyuiu.Programmiste.Sprint4.Task4.V29", "Tyuiu.Programmiste.Sprint4.Task4.V29\Tyuiu.Programmiste.Sprint4.Task4.V29.csproj", "{F615E5FB-9F88-4CF1-A420-5958C2B7D9F0}"
EndProject
Project("{FAE04EC0-301F-11D3-BF4B-00C04F79EFBC}") = "Tyuiu.Programmiste.Sprint4.Task5.V12", "Tyuiu.Programmiste.Sprint4.Task5.V12\Tyuiu.Programmiste.Sprint4.Task5.V12.csproj", "{D7F08F5A-507D-4DFE-8C2A-DC9DAAE787D8}"
EndProject
Project("{FAE04EC0-301F-11D3-BF4B-00C04F79EFBC}") = "Tyuiu.Programmiste.Sprint4.Task5.V12.Lib", "Tyuiu.Programmiste.Sprint4.Task5.V12.Lib\Tyuiu.Programmiste.Sprint4.Task5.V12.Lib.csproj", "{84CE18A1-2C8F-4DB0-AECD-3336B9B04230}"
EndProject
Project("{FAE04EC0-301F-11D3-BF4B-00C04F79EFBC}") = "Tyuiu.Programmiste.Sprint4.Task5.V12.Test", "Tyuiu.Programmiste.Sprint4.Task5.V12.Test\Tyuiu.Programmiste.Sprint4.Task5.V12.Test.csproj", "{C9AC9BA5-4105-41A9-A8BE-D923D3C30541}"
EndProject
Global
	GlobalSection(SolutionConfigurationPlatforms) = preSolution
		Debug|Any CPU = Debug|Any CPU
		Release|Any CPU = Release|Any CPU
	EndGlobalSection
	GlobalSection(ProjectConfigurationPlatforms) = postSolution
		{C5E3AE44-40D4-47CF-93F5-3DE5B37E1912}.Debug|Any CPU.ActiveCfg = Debug|Any CPU
		{C5E3AE44-40D4-47CF-93F5-3DE5B37E1912}.Debug|Any CPU.Build.0 = Debug|Any CPU
		{C5E3AE44-40D4-47CF-93F5-3DE5B37E1912}.Release|Any CPU.ActiveCfg = Release|Any CPU
		{C5E3AE44-40D4-47CF-93F5-3DE5B37E1912}.Release|Any CPU.Build.0 = Release|Any CPU
		{978467BC-E67A-48A6-AFA9-5A470C0F0DB0}.Debug|Any CPU.ActiveCfg = Debug|Any CPU
		{978467BC-E67A-48A6-AFA9-5A470C0F0DB0}.Debug|Any CPU.Build.0 = Debug|Any CPU
		{978467BC-E67A-48A6-AFA9-5A470C0F0DB0}.Release|Any CPU.ActiveCfg = Release|Any CPU
		{978467BC-E67A-48A6-AFA9-5A470C0F0DB0}.Release|Any CPU.Build.0 = Release|Any CPU
		{3BB53E82-ACED-42E9-9510-5303F52F1EEF}.Debug|Any CPU.ActiveCfg = Debug|Any CPU
		{3BB53E82-ACED-42E9-9510-5303F52F1EEF}.Debug|Any CPU.Build.0 = Debug|Any CPU
		{3BB53E82-ACED-42E9-9510-5303F52F1EEF}.Release|Any CPU.ActiveCfg = Release|Any CPU
		{3BB53E82-ACED-42E9-9510-5303F52F1EEF}.Release|Any CPU.Build.0 = Release|Any CPU
		{98C8FD6B-B411-4CF4-8E1E-42F670C3FDEC}.Debug|Any CPU.ActiveCfg = Debug|Any CPU
		{98C8FD6B-B411-4CF4-8E1E-42F670C3FDEC}.Debug|Any CPU.Build.0 = Debug|Any CPU
		{98C8FD6B-B411-4CF4-8E1E-42F670C3FDEC}.Release|Any CPU.ActiveCfg = Release|Any CPU
		{98C8FD6B-B411-4CF4-8E1E-42F670C3FDEC}.Release|Any CPU.Build.0 = Release|Any CPU
		{EEEC68F2-66D6-4954-9371-26FE98B92C9A}.Debug|Any CPU.ActiveCfg = Debug|Any CPU
		{EEEC68F2-66D6-4954-9371-26FE98B92C9A}.Debug|Any CPU.Build.0 = Debug|Any CPU
		{EEEC68F2-66D6-4954-9371-26FE98B92C9A}.Release|Any CPU.ActiveCfg = Release|Any CPU
		{EEEC68F2-66D6-4954-9371-26FE98B92C9A}.Release|Any CPU.Build.0 = Release|Any CPU
		{26C0CAC9-BC4B-4BFC-AA03-093325C60C69}.Debug|Any CPU.ActiveCfg = Debug|Any CPU
		{26C0CAC9-BC4B-4BFC-AA03-093325C60C69}.Debug|Any CPU.Build.0 = Debug|Any CPU
		{26C0CAC9-BC4B-4BFC-AA03-093325C60C69}.Release|Any CPU.ActiveCfg = Release|Any CPU
		{26C0CAC9-BC4B-4BFC-AA03-093325C60C69}.Release|Any CPU.Build.0 = Release|Any CPU
		{759FCD11-474E-452E-BE12-C3CB6E2B7376}.Debug|Any CPU.ActiveCfg = Debug|Any CPU
		{759FCD11-474E-452E-BE12-C3CB6E2B7376}.Debug|Any CPU.Build.0 = Debug|Any CPU
		{759FCD11-474E-452E-BE12-C3CB6E2B7376}.Release|Any CPU.ActiveCfg = Release|Any CPU
		{759FCD11-474E-452E-BE12-C3CB6E2B7376}.Release|Any CPU.Build.0 = Release|Any CPU
		{3FEE7418-79D4-4E2D-82B5-A867EB051B36}.Debug|Any CPU.ActiveCfg = Debug|Any CPU
		{3FEE7418-79D4-4E2D-82B5-A867EB051B36}.Debug|Any CPU.Build.0 = Debug|Any CPU
		{3FEE7418-79D4-4E2D-82B5-A867EB051B36}.Release|Any CPU.ActiveCfg = Release|Any CPU
		{3FEE7418-79D4-4E2D-82B5-A867EB051B36}.Release|Any CPU.Build.0 = Release|Any CPU
		{78BA8F7D-2B98-445B-8B89-4D227D219724}.Debug|Any CPU.ActiveCfg = Debug|Any CPU
		{78BA8F7D-2B98-445B-8B89-4D227D219724}.Debug|Any CPU.Build.0 = Debug|Any CPU
		{78BA8F7D-2B98-445B-8B89-4D227D219724}.Release|Any CPU.ActiveCfg = Release|Any CPU
		{78BA8F7D-2B98-445B-8B89-4D227D219724}.Release|Any CPU.Build.0 = Release|Any CPU
		{FB34A72B-F6C2-4293-B787-F6992AD45BA2}.Debug|Any CPU.ActiveCfg = Debug|Any CPU
		{FB34A72B-F6C2-4293-B787-F6992AD45BA2}.Debug|Any CPU.Build.0 = Debug|Any CPU
		{FB34A72B-F6C2-4293-B787-F6992AD45BA2}.Release|Any CPU.ActiveCfg = Release|Any CPU
		{FB34A72B-F6C2-4293-B787-F6992AD45BA2}.Release|Any CPU.Build.0 = Release|Any CPU
		{60BFD850-C160-4DFF-934A-A8D2BB3513E2}.Debug|Any CPU.ActiveCfg = Debug|Any CPU
		{60BFD850-C160-4DFF-934A-A8D2BB3513E2}.Debug|Any CPU.Build.0 = Debug|Any CPU
		{60BFD850-C160-4DFF-934A-A8D2BB3513E2}.Release|Any CPU.ActiveCfg = Release|Any CPU
		{60BFD850-C160-4DFF-934A-A8D2BB3513E2}.Release|Any CPU.Build.0 = Release|Any CPU
		{0CC17867-2A65-42C6-8BB5-31DE4C265FDC}.Debug|Any CPU.ActiveCfg = Debug|Any CPU
		{0CC17867-2A65-42C6-8BB5-31DE4C265FDC}.Debug|Any CPU.Build.0 = Debug|Any CPU
		{0CC17867-2A65-42C6-8BB5-31DE4C265FDC}.Release|Any CPU.ActiveCfg = Release|Any CPU
		{0CC17867-2A65-42C6-8BB5-31DE4C265FDC}.Release|Any CPU.Build.0 = Release|Any CPU
		{0B1FF32D-B6A7-4EF6-9B9B-92F1D6155A64}.Debug|Any CPU.ActiveCfg = Debug|Any CPU
		{0B1FF32D-B6A7-4EF6-9B9B-92F1D6155A64}.Debug|Any CPU.Build.0 = Debug|Any CPU
		{0B1FF32D-B6A7-4EF6-9B9B-92F1D6155A64}.Release|Any CPU.ActiveCfg = Release|Any CPU
		{0B1FF32D-B6A7-4EF6-9B9B-92F1D6155A64}.Release|Any CPU.Build.0 = Release|Any CPU
		{AB5F9FC6-98D6-40A7-B60F-A256A75D0CBB}.Debug|Any CPU.ActiveCfg = Debug|Any CPU
		{AB5F9FC6-98D6-40A7-B60F-A256A75D0CBB}.Debug|Any CPU.Build.0 = Debug|Any CPU
		{AB5F9FC6-98D6-40A7-B60F-A256A75D0CBB}.Release|Any CPU.ActiveCfg = Release|Any CPU
		{AB5F9FC6-98D6-40A7-B60F-A256A75D0CBB}.Release|Any CPU.Build.0 = Release|Any CPU
		{F615E5FB-9F88-4CF1-A420-5958C2B7D9F0}.Debug|Any CPU.ActiveCfg = Debug|Any CPU
		{F615E5FB-9F88-4CF1-A420-5958C2B7D9F0}.Debug|Any CPU.Build.0 = Debug|Any CPU
		{F615E5FB-9F88-4CF1-A420-5958C2B7D9F0}.Release|Any CPU.ActiveCfg = Release|Any CPU
		{F615E5FB-9F88-4CF1-A420-5958C2B7D9F0}.Release|Any CPU.Build.0 = Release|Any CPU
		{D7F08F5A-507D-4DFE-8C2A-DC9DAAE787D8}.Debug|Any CPU.ActiveCfg = Debug|Any CPU
		{D7F08F5A-507D-4DFE-8C2A-DC9DAAE787D8}.Debug|Any CPU.Build.0 = Debug|Any CPU
		{D7F08F5A-507D-4DFE-8C2A-DC9DAAE787D8}.Release|Any CPU.ActiveCfg = Release|Any CPU
		{D7F08F5A-507D-4DFE-8C2A-DC9DAAE787D8}.Release|Any CPU.Build.0 = Release|Any CPU
		{84CE18A1-2C8F-4DB0-AECD-3336B9B04230}.Debug|Any CPU.ActiveCfg = Debug|Any CPU
		{84CE18A1-2C8F-4DB0-AECD-3336B9B04230}.Debug|Any CPU.Build.0 = Debug|Any CPU
		{84CE18A1-2C8F-4DB0-AECD-3336B9B04230}.Release|Any CPU.ActiveCfg = Release|Any CPU
		{84CE18A1-2C8F-4DB0-AECD-3336B9B04230}.Release|Any CPU.Build.0 = Release|Any CPU
		{C9AC9BA5-4105-41A9-A8BE-D923D3C30541}.Debug|Any CPU.ActiveCfg = Debug|Any CPU
		{C9AC9BA5-4105-41A9-A8BE-D923D3C30541}.Debug|Any CPU.Build.0 = Debug|Any CPU
		{C9AC9BA5-4105-41A9-A8BE-D923D3C30541}.Release|Any CPU.ActiveCfg = Release|Any CPU
		{C9AC9BA5-4105-41A9-A8BE-D923D3C30541}.Release|Any CPU.Build.0 = Release|Any CPU
	EndGlobalSection
	GlobalSection(SolutionProperties) = preSolution
		HideSolutionNode = FALSE
	EndGlobalSection
	GlobalSection(NestedProjects) = preSolution
		{C5E3AE44-40D4-47CF-93F5-3DE5B37E1912} = {02EA681E-C7D8-13C7-8484-4AC65E1B71E8}
		{978467BC-E67A-48A6-AFA9-5A470C0F0DB0} = {02EA681E-C7D8-13C7-8484-4AC65E1B71E8}
		{3BB53E82-ACED-42E9-9510-5303F52F1EEF} = {02EA681E-C7D8-13C7-8484-4AC65E1B71E8}
		{98C8FD6B-B411-4CF4-8E1E-42F670C3FDEC} = {144555F8-EB95-4306-9148-6A14103B53B2}
		{EEEC68F2-66D6-4954-9371-26FE98B92C9A} = {144555F8-EB95-4306-9148-6A14103B53B2}
		{26C0CAC9-BC4B-4BFC-AA03-093325C60C69} = {144555F8-EB95-4306-9148-6A14103B53B2}
		{759FCD11-474E-452E-BE12-C3CB6E2B7376} = {5BEFDB62-3292-4143-8DD3-CD4534E88B5E}
		{3FEE7418-79D4-4E2D-82B5-A867EB051B36} = {5BEFDB62-3292-4143-8DD3-CD4534E88B5E}
		{78BA8F7D-2B98-445B-8B89-4D227D219724} = {5BEFDB62-3292-4143-8DD3-CD4534E88B5E}
		{FB34A72B-F6C2-4293-B787-F6992AD45BA2} = {AA286D09-4A0E-4F42-AD8A-3CC34BC71798}
		{60BFD850-C160-4DFF-934A-A8D2BB3513E2} = {AA286D09-4A0E-4F42-AD8A-3CC34BC71798}
		{0CC17867-2A65-42C6-8BB5-31DE4C265FDC} = {AA286D09-4A0E-4F42-AD8A-3CC34BC71798}
		{0B1FF32D-B6A7-4EF6-9B9B-92F1D6155A64} = {F04BCA31-8D24-43A3-A587-63CF28A56146}
		{AB5F9FC6-98D6-40A7-B60F-A256A75D0CBB} = {F04BCA31-8D24-43A3-A587-63CF28A56146}
		{F615E5FB-9F88-4CF1-A420-5958C2B7D9F0} = {F04BCA31-8D24-43A3-A587-63CF28A56146}
		{D7F08F5A-507D-4DFE-8C2A-DC9DAAE787D8} = {C04B2604-2277-4ECA-81B0-7E85FE379290}
		{84CE18A1-2C8F-4DB0-AECD-3336B9B04230} = {C04B2604-2277-4ECA-81B0-7E85FE379290}
		{C9AC9BA5-4105-41A9-A8BE-D923D3C30541} = {C04B2604-2277-4ECA-81B0-7E85FE379290}
	EndGlobalSection
	GlobalSection(ExtensibilityGlobals) = postSolution
		SolutionGuid = {B8D40BFF-9161-4E05-BDCF-A388728EA8E4}
	EndGlobalSection
EndGlobal
